
Microsoft Visual Studio Solution File, Format Version 12.00
Project("{FAE04EC0-301F-11D3-BF4B-00C04F79EFBC}") = "Maui-Repro-21835", "Maui-Repro-21835\Maui-Repro-21835.csproj", "{0231BB4B-986F-4FF5-9918-647A7960709C}"
EndProject
Global
	GlobalSection(SolutionConfigurationPlatforms) = preSolution
		Debug|Any CPU = Debug|Any CPU
		Release|Any CPU = Release|Any CPU
	EndGlobalSection
	GlobalSection(ProjectConfigurationPlatforms) = postSolution
		{0231BB4B-986F-4FF5-9918-647A7960709C}.Debug|Any CPU.ActiveCfg = Debug|Any CPU
		{0231BB4B-986F-4FF5-9918-647A7960709C}.Debug|Any CPU.Build.0 = Debug|Any CPU
		{0231BB4B-986F-4FF5-9918-647A7960709C}.Release|Any CPU.ActiveCfg = Release|Any CPU
		{0231BB4B-986F-4FF5-9918-647A7960709C}.Release|Any CPU.Build.0 = Release|Any CPU
	EndGlobalSection
EndGlobal
